// !$*UTF8*$!
{
	archiveVersion = 1;
	classes = {
	};
	objectVersion = 46;
	objects = {

/* Begin PBXBuildFile section */
		8C259B571C1DD79D009026E4 /* AppDelegate.swift in Sources */ = {isa = PBXBuildFile; fileRef = 8C259B561C1DD79D009026E4 /* AppDelegate.swift */; };
		8C259B591C1DD79D009026E4 /* ViewController.swift in Sources */ = {isa = PBXBuildFile; fileRef = 8C259B581C1DD79D009026E4 /* ViewController.swift */; };
		8C259B5C1C1DD79D009026E4 /* Main.storyboard in Resources */ = {isa = PBXBuildFile; fileRef = 8C259B5A1C1DD79D009026E4 /* Main.storyboard */; };
		8C259B5E1C1DD79D009026E4 /* Assets.xcassets in Resources */ = {isa = PBXBuildFile; fileRef = 8C259B5D1C1DD79D009026E4 /* Assets.xcassets */; };
		8C259B611C1DD79D009026E4 /* LaunchScreen.storyboard in Resources */ = {isa = PBXBuildFile; fileRef = 8C259B5F1C1DD79D009026E4 /* LaunchScreen.storyboard */; };
		8C259B6C1C1DD79E009026E4 /* Nice_LightTests.swift in Sources */ = {isa = PBXBuildFile; fileRef = 8C259B6B1C1DD79E009026E4 /* Nice_LightTests.swift */; };
		8C259B771C1DD79E009026E4 /* Nice_LightUITests.swift in Sources */ = {isa = PBXBuildFile; fileRef = 8C259B761C1DD79E009026E4 /* Nice_LightUITests.swift */; };
		8C259B8A1C1DE9DF009026E4 /* ColorTemperatureToRGB.swift in Sources */ = {isa = PBXBuildFile; fileRef = 8C259B891C1DE9DF009026E4 /* ColorTemperatureToRGB.swift */; };
/* End PBXBuildFile section */

/* Begin PBXContainerItemProxy section */
		8C259B681C1DD79E009026E4 /* PBXContainerItemProxy */ = {
			isa = PBXContainerItemProxy;
			containerPortal = 8C259B4B1C1DD79D009026E4 /* Project object */;
			proxyType = 1;
			remoteGlobalIDString = 8C259B521C1DD79D009026E4;
			remoteInfo = "Nice Light";
		};
		8C259B731C1DD79E009026E4 /* PBXContainerItemProxy */ = {
			isa = PBXContainerItemProxy;
			containerPortal = 8C259B4B1C1DD79D009026E4 /* Project object */;
			proxyType = 1;
			remoteGlobalIDString = 8C259B521C1DD79D009026E4;
			remoteInfo = "Nice Light";
		};
/* End PBXContainerItemProxy section */

/* Begin PBXFileReference section */
		8C259B531C1DD79D009026E4 /* Nice Light.app */ = {isa = PBXFileReference; explicitFileType = wrapper.application; includeInIndex = 0; path = "Nice Light.app"; sourceTree = BUILT_PRODUCTS_DIR; };
		8C259B561C1DD79D009026E4 /* AppDelegate.swift */ = {isa = PBXFileReference; lastKnownFileType = sourcecode.swift; path = AppDelegate.swift; sourceTree = "<group>"; };
		8C259B581C1DD79D009026E4 /* ViewController.swift */ = {isa = PBXFileReference; lastKnownFileType = sourcecode.swift; path = ViewController.swift; sourceTree = "<group>"; };
		8C259B5B1C1DD79D009026E4 /* Base */ = {isa = PBXFileReference; lastKnownFileType = file.storyboard; name = Base; path = Base.lproj/Main.storyboard; sourceTree = "<group>"; };
		8C259B5D1C1DD79D009026E4 /* Assets.xcassets */ = {isa = PBXFileReference; lastKnownFileType = folder.assetcatalog; path = Assets.xcassets; sourceTree = "<group>"; };
		8C259B601C1DD79D009026E4 /* Base */ = {isa = PBXFileReference; lastKnownFileType = file.storyboard; name = Base; path = Base.lproj/LaunchScreen.storyboard; sourceTree = "<group>"; };
		8C259B621C1DD79D009026E4 /* Info.plist */ = {isa = PBXFileReference; lastKnownFileType = text.plist.xml; path = Info.plist; sourceTree = "<group>"; };
		8C259B671C1DD79E009026E4 /* Nice LightTests.xctest */ = {isa = PBXFileReference; explicitFileType = wrapper.cfbundle; includeInIndex = 0; path = "Nice LightTests.xctest"; sourceTree = BUILT_PRODUCTS_DIR; };
		8C259B6B1C1DD79E009026E4 /* Nice_LightTests.swift */ = {isa = PBXFileReference; lastKnownFileType = sourcecode.swift; path = Nice_LightTests.swift; sourceTree = "<group>"; };
		8C259B6D1C1DD79E009026E4 /* Info.plist */ = {isa = PBXFileReference; lastKnownFileType = text.plist.xml; path = Info.plist; sourceTree = "<group>"; };
		8C259B721C1DD79E009026E4 /* Nice LightUITests.xctest */ = {isa = PBXFileReference; explicitFileType = wrapper.cfbundle; includeInIndex = 0; path = "Nice LightUITests.xctest"; sourceTree = BUILT_PRODUCTS_DIR; };
		8C259B761C1DD79E009026E4 /* Nice_LightUITests.swift */ = {isa = PBXFileReference; lastKnownFileType = sourcecode.swift; path = Nice_LightUITests.swift; sourceTree = "<group>"; };
		8C259B781C1DD79E009026E4 /* Info.plist */ = {isa = PBXFileReference; lastKnownFileType = text.plist.xml; path = Info.plist; sourceTree = "<group>"; };
		8C259B891C1DE9DF009026E4 /* ColorTemperatureToRGB.swift */ = {isa = PBXFileReference; fileEncoding = 4; lastKnownFileType = sourcecode.swift; path = ColorTemperatureToRGB.swift; sourceTree = "<group>"; };
/* End PBXFileReference section */

/* Begin PBXFrameworksBuildPhase section */
		8C259B501C1DD79D009026E4 /* Frameworks */ = {
			isa = PBXFrameworksBuildPhase;
			buildActionMask = 2147483647;
			files = (
			);
			runOnlyForDeploymentPostprocessing = 0;
		};
		8C259B641C1DD79E009026E4 /* Frameworks */ = {
			isa = PBXFrameworksBuildPhase;
			buildActionMask = 2147483647;
			files = (
			);
			runOnlyForDeploymentPostprocessing = 0;
		};
		8C259B6F1C1DD79E009026E4 /* Frameworks */ = {
			isa = PBXFrameworksBuildPhase;
			buildActionMask = 2147483647;
			files = (
			);
			runOnlyForDeploymentPostprocessing = 0;
		};
/* End PBXFrameworksBuildPhase section */

/* Begin PBXGroup section */
		8C259B4A1C1DD79D009026E4 = {
			isa = PBXGroup;
			children = (
				8C259B551C1DD79D009026E4 /* Nice Light */,
				8C259B6A1C1DD79E009026E4 /* Nice LightTests */,
				8C259B751C1DD79E009026E4 /* Nice LightUITests */,
				8C259B541C1DD79D009026E4 /* Products */,
			);
			sourceTree = "<group>";
		};
		8C259B541C1DD79D009026E4 /* Products */ = {
			isa = PBXGroup;
			children = (
				8C259B531C1DD79D009026E4 /* Nice Light.app */,
				8C259B671C1DD79E009026E4 /* Nice LightTests.xctest */,
				8C259B721C1DD79E009026E4 /* Nice LightUITests.xctest */,
			);
			name = Products;
			sourceTree = "<group>";
		};
		8C259B551C1DD79D009026E4 /* Nice Light */ = {
			isa = PBXGroup;
			children = (
				8C259B561C1DD79D009026E4 /* AppDelegate.swift */,
				8C259B581C1DD79D009026E4 /* ViewController.swift */,
				8C259B5A1C1DD79D009026E4 /* Main.storyboard */,
				8C259B891C1DE9DF009026E4 /* ColorTemperatureToRGB.swift */,
				8C259B5D1C1DD79D009026E4 /* Assets.xcassets */,
				8C259B5F1C1DD79D009026E4 /* LaunchScreen.storyboard */,
				8C259B621C1DD79D009026E4 /* Info.plist */,
			);
			path = "Nice Light";
			sourceTree = "<group>";
		};
		8C259B6A1C1DD79E009026E4 /* Nice LightTests */ = {
			isa = PBXGroup;
			children = (
				8C259B6B1C1DD79E009026E4 /* Nice_LightTests.swift */,
				8C259B6D1C1DD79E009026E4 /* Info.plist */,
			);
			path = "Nice LightTests";
			sourceTree = "<group>";
		};
		8C259B751C1DD79E009026E4 /* Nice LightUITests */ = {
			isa = PBXGroup;
			children = (
				8C259B761C1DD79E009026E4 /* Nice_LightUITests.swift */,
				8C259B781C1DD79E009026E4 /* Info.plist */,
			);
			path = "Nice LightUITests";
			sourceTree = "<group>";
		};
/* End PBXGroup section */

/* Begin PBXNativeTarget section */
		8C259B521C1DD79D009026E4 /* Nice Light */ = {
			isa = PBXNativeTarget;
			buildConfigurationList = 8C259B7B1C1DD79E009026E4 /* Build configuration list for PBXNativeTarget "Nice Light" */;
			buildPhases = (
				8C259B4F1C1DD79D009026E4 /* Sources */,
				8C259B501C1DD79D009026E4 /* Frameworks */,
				8C259B511C1DD79D009026E4 /* Resources */,
			);
			buildRules = (
			);
			dependencies = (
			);
			name = "Nice Light";
			productName = "Nice Light";
			productReference = 8C259B531C1DD79D009026E4 /* Nice Light.app */;
			productType = "com.apple.product-type.application";
		};
		8C259B661C1DD79E009026E4 /* Nice LightTests */ = {
			isa = PBXNativeTarget;
			buildConfigurationList = 8C259B7E1C1DD79E009026E4 /* Build configuration list for PBXNativeTarget "Nice LightTests" */;
			buildPhases = (
				8C259B631C1DD79E009026E4 /* Sources */,
				8C259B641C1DD79E009026E4 /* Frameworks */,
				8C259B651C1DD79E009026E4 /* Resources */,
			);
			buildRules = (
			);
			dependencies = (
				8C259B691C1DD79E009026E4 /* PBXTargetDependency */,
			);
			name = "Nice LightTests";
			productName = "Nice LightTests";
			productReference = 8C259B671C1DD79E009026E4 /* Nice LightTests.xctest */;
			productType = "com.apple.product-type.bundle.unit-test";
		};
		8C259B711C1DD79E009026E4 /* Nice LightUITests */ = {
			isa = PBXNativeTarget;
			buildConfigurationList = 8C259B811C1DD79E009026E4 /* Build configuration list for PBXNativeTarget "Nice LightUITests" */;
			buildPhases = (
				8C259B6E1C1DD79E009026E4 /* Sources */,
				8C259B6F1C1DD79E009026E4 /* Frameworks */,
				8C259B701C1DD79E009026E4 /* Resources */,
			);
			buildRules = (
			);
			dependencies = (
				8C259B741C1DD79E009026E4 /* PBXTargetDependency */,
			);
			name = "Nice LightUITests";
			productName = "Nice LightUITests";
			productReference = 8C259B721C1DD79E009026E4 /* Nice LightUITests.xctest */;
			productType = "com.apple.product-type.bundle.ui-testing";
		};
/* End PBXNativeTarget section */

/* Begin PBXProject section */
		8C259B4B1C1DD79D009026E4 /* Project object */ = {
			isa = PBXProject;
			attributes = {
				LastSwiftUpdateCheck = 0710;
				LastUpgradeCheck = 0930;
				ORGANIZATIONNAME = "David Fearon";
				TargetAttributes = {
					8C259B521C1DD79D009026E4 = {
						CreatedOnToolsVersion = 7.1.1;
					};
					8C259B661C1DD79E009026E4 = {
						CreatedOnToolsVersion = 7.1.1;
						TestTargetID = 8C259B521C1DD79D009026E4;
					};
					8C259B711C1DD79E009026E4 = {
						CreatedOnToolsVersion = 7.1.1;
						TestTargetID = 8C259B521C1DD79D009026E4;
					};
				};
			};
			buildConfigurationList = 8C259B4E1C1DD79D009026E4 /* Build configuration list for PBXProject "Nice Light" */;
			compatibilityVersion = "Xcode 3.2";
			developmentRegion = English;
			hasScannedForEncodings = 0;
			knownRegions = (
				en,
				Base,
			);
			mainGroup = 8C259B4A1C1DD79D009026E4;
			productRefGroup = 8C259B541C1DD79D009026E4 /* Products */;
			projectDirPath = "";
			projectRoot = "";
			targets = (
				8C259B521C1DD79D009026E4 /* Nice Light */,
				8C259B661C1DD79E009026E4 /* Nice LightTests */,
				8C259B711C1DD79E009026E4 /* Nice LightUITests */,
			);
		};
/* End PBXProject section */

/* Begin PBXResourcesBuildPhase section */
		8C259B511C1DD79D009026E4 /* Resources */ = {
			isa = PBXResourcesBuildPhase;
			buildActionMask = 2147483647;
			files = (
				8C259B611C1DD79D009026E4 /* LaunchScreen.storyboard in Resources */,
				8C259B5E1C1DD79D009026E4 /* Assets.xcassets in Resources */,
				8C259B5C1C1DD79D009026E4 /* Main.storyboard in Resources */,
			);
			runOnlyForDeploymentPostprocessing = 0;
		};
		8C259B651C1DD79E009026E4 /* Resources */ = {
			isa = PBXResourcesBuildPhase;
			buildActionMask = 2147483647;
			files = (
			);
			runOnlyForDeploymentPostprocessing = 0;
		};
		8C259B701C1DD79E009026E4 /* Resources */ = {
			isa = PBXResourcesBuildPhase;
			buildActionMask = 2147483647;
			files = (
			);
			runOnlyForDeploymentPostprocessing = 0;
		};
/* End PBXResourcesBuildPhase section */

/* Begin PBXSourcesBuildPhase section */
		8C259B4F1C1DD79D009026E4 /* Sources */ = {
			isa = PBXSourcesBuildPhase;
			buildActionMask = 2147483647;
			files = (
				8C259B591C1DD79D009026E4 /* ViewController.swift in Sources */,
				8C259B8A1C1DE9DF009026E4 /* ColorTemperatureToRGB.swift in Sources */,
				8C259B571C1DD79D009026E4 /* AppDelegate.swift in Sources */,
			);
			runOnlyForDeploymentPostprocessing = 0;
		};
		8C259B631C1DD79E009026E4 /* Sources */ = {
			isa = PBXSourcesBuildPhase;
			buildActionMask = 2147483647;
			files = (
				8C259B6C1C1DD79E009026E4 /* Nice_LightTests.swift in Sources */,
			);
			runOnlyForDeploymentPostprocessing = 0;
		};
		8C259B6E1C1DD79E009026E4 /* Sources */ = {
			isa = PBXSourcesBuildPhase;
			buildActionMask = 2147483647;
			files = (
				8C259B771C1DD79E009026E4 /* Nice_LightUITests.swift in Sources */,
			);
			runOnlyForDeploymentPostprocessing = 0;
		};
/* End PBXSourcesBuildPhase section */

/* Begin PBXTargetDependency section */
		8C259B691C1DD79E009026E4 /* PBXTargetDependency */ = {
			isa = PBXTargetDependency;
			target = 8C259B521C1DD79D009026E4 /* Nice Light */;
			targetProxy = 8C259B681C1DD79E009026E4 /* PBXContainerItemProxy */;
		};
		8C259B741C1DD79E009026E4 /* PBXTargetDependency */ = {
			isa = PBXTargetDependency;
			target = 8C259B521C1DD79D009026E4 /* Nice Light */;
			targetProxy = 8C259B731C1DD79E009026E4 /* PBXContainerItemProxy */;
		};
/* End PBXTargetDependency section */

/* Begin PBXVariantGroup section */
		8C259B5A1C1DD79D009026E4 /* Main.storyboard */ = {
			isa = PBXVariantGroup;
			children = (
				8C259B5B1C1DD79D009026E4 /* Base */,
			);
			name = Main.storyboard;
			sourceTree = "<group>";
		};
		8C259B5F1C1DD79D009026E4 /* LaunchScreen.storyboard */ = {
			isa = PBXVariantGroup;
			children = (
				8C259B601C1DD79D009026E4 /* Base */,
			);
			name = LaunchScreen.storyboard;
			sourceTree = "<group>";
		};
/* End PBXVariantGroup section */

/* Begin XCBuildConfiguration section */
		8C259B791C1DD79E009026E4 /* Debug */ = {
			isa = XCBuildConfiguration;
			buildSettings = {
				ALWAYS_SEARCH_USER_PATHS = NO;
				CLANG_CXX_LANGUAGE_STANDARD = "gnu++0x";
				CLANG_CXX_LIBRARY = "libc++";
				CLANG_ENABLE_MODULES = YES;
				CLANG_ENABLE_OBJC_ARC = YES;
				CLANG_WARN_BLOCK_CAPTURE_AUTORELEASING = YES;
				CLANG_WARN_BOOL_CONVERSION = YES;
				CLANG_WARN_COMMA = YES;
				CLANG_WARN_CONSTANT_CONVERSION = YES;
				CLANG_WARN_DEPRECATED_OBJC_IMPLEMENTATIONS = YES;
				CLANG_WARN_DIRECT_OBJC_ISA_USAGE = YES_ERROR;
				CLANG_WARN_EMPTY_BODY = YES;
				CLANG_WARN_ENUM_CONVERSION = YES;
				CLANG_WARN_INFINITE_RECURSION = YES;
				CLANG_WARN_INT_CONVERSION = YES;
				CLANG_WARN_NON_LITERAL_NULL_CONVERSION = YES;
				CLANG_WARN_OBJC_IMPLICIT_RETAIN_SELF = YES;
				CLANG_WARN_OBJC_LITERAL_CONVERSION = YES;
				CLANG_WARN_OBJC_ROOT_CLASS = YES_ERROR;
				CLANG_WARN_RANGE_LOOP_ANALYSIS = YES;
				CLANG_WARN_STRICT_PROTOTYPES = YES;
				CLANG_WARN_SUSPICIOUS_MOVE = YES;
				CLANG_WARN_UNREACHABLE_CODE = YES;
				CLANG_WARN__DUPLICATE_METHOD_MATCH = YES;
				"CODE_SIGN_IDENTITY[sdk=iphoneos*]" = "iPhone Developer";
				COPY_PHASE_STRIP = NO;
				DEBUG_INFORMATION_FORMAT = dwarf;
				ENABLE_STRICT_OBJC_MSGSEND = YES;
				ENABLE_TESTABILITY = YES;
				GCC_C_LANGUAGE_STANDARD = gnu99;
				GCC_DYNAMIC_NO_PIC = NO;
				GCC_NO_COMMON_BLOCKS = YES;
				GCC_OPTIMIZATION_LEVEL = 0;
				GCC_PREPROCESSOR_DEFINITIONS = (
					"DEBUG=1",
					"$(inherited)",
				);
				GCC_WARN_64_TO_32_BIT_CONVERSION = YES;
				GCC_WARN_ABOUT_RETURN_TYPE = YES_ERROR;
				GCC_WARN_UNDECLARED_SELECTOR = YES;
				GCC_WARN_UNINITIALIZED_AUTOS = YES_AGGRESSIVE;
				GCC_WARN_UNUSED_FUNCTION = YES;
				GCC_WARN_UNUSED_VARIABLE = YES;
				IPHONEOS_DEPLOYMENT_TARGET = 9.1;
				MTL_ENABLE_DEBUG_INFO = YES;
				ONLY_ACTIVE_ARCH = YES;
				SDKROOT = iphoneos;
				SWIFT_OPTIMIZATION_LEVEL = "-Onone";
			};
			name = Debug;
		};
		8C259B7A1C1DD79E009026E4 /* Release */ = {
			isa = XCBuildConfiguration;
			buildSettings = {
				ALWAYS_SEARCH_USER_PATHS = NO;
				CLANG_CXX_LANGUAGE_STANDARD = "gnu++0x";
				CLANG_CXX_LIBRARY = "libc++";
				CLANG_ENABLE_MODULES = YES;
				CLANG_ENABLE_OBJC_ARC = YES;
				CLANG_WARN_BLOCK_CAPTURE_AUTORELEASING = YES;
				CLANG_WARN_BOOL_CONVERSION = YES;
				CLANG_WARN_COMMA = YES;
				CLANG_WARN_CONSTANT_CONVERSION = YES;
				CLANG_WARN_DEPRECATED_OBJC_IMPLEMENTATIONS = YES;
				CLANG_WARN_DIRECT_OBJC_ISA_USAGE = YES_ERROR;
				CLANG_WARN_EMPTY_BODY = YES;
				CLANG_WARN_ENUM_CONVERSION = YES;
				CLANG_WARN_INFINITE_RECURSION = YES;
				CLANG_WARN_INT_CONVERSION = YES;
				CLANG_WARN_NON_LITERAL_NULL_CONVERSION = YES;
				CLANG_WARN_OBJC_IMPLICIT_RETAIN_SELF = YES;
				CLANG_WARN_OBJC_LITERAL_CONVERSION = YES;
				CLANG_WARN_OBJC_ROOT_CLASS = YES_ERROR;
				CLANG_WARN_RANGE_LOOP_ANALYSIS = YES;
				CLANG_WARN_STRICT_PROTOTYPES = YES;
				CLANG_WARN_SUSPICIOUS_MOVE = YES;
				CLANG_WARN_UNREACHABLE_CODE = YES;
				CLANG_WARN__DUPLICATE_METHOD_MATCH = YES;
				"CODE_SIGN_IDENTITY[sdk=iphoneos*]" = "iPhone Developer";
				COPY_PHASE_STRIP = NO;
				DEBUG_INFORMATION_FORMAT = "dwarf-with-dsym";
				ENABLE_NS_ASSERTIONS = NO;
				ENABLE_STRICT_OBJC_MSGSEND = YES;
				GCC_C_LANGUAGE_STANDARD = gnu99;
				GCC_NO_COMMON_BLOCKS = YES;
				GCC_WARN_64_TO_32_BIT_CONVERSION = YES;
				GCC_WARN_ABOUT_RETURN_TYPE = YES_ERROR;
				GCC_WARN_UNDECLARED_SELECTOR = YES;
				GCC_WARN_UNINITIALIZED_AUTOS = YES_AGGRESSIVE;
				GCC_WARN_UNUSED_FUNCTION = YES;
				GCC_WARN_UNUSED_VARIABLE = YES;
				IPHONEOS_DEPLOYMENT_TARGET = 9.1;
				MTL_ENABLE_DEBUG_INFO = NO;
				SDKROOT = iphoneos;
				SWIFT_COMPILATION_MODE = wholemodule;
				VALIDATE_PRODUCT = YES;
			};
			name = Release;
		};
		8C259B7C1C1DD79E009026E4 /* Debug */ = {
			isa = XCBuildConfiguration;
			buildSettings = {
				ASSETCATALOG_COMPILER_APPICON_NAME = AppIcon;
				CLANG_ENABLE_MODULES = YES;
				INFOPLIST_FILE = "Nice Light/Info.plist";
				LD_RUNPATH_SEARCH_PATHS = "$(inherited) @executable_path/Frameworks";
				PRODUCT_BUNDLE_IDENTIFIER = "com.davidfearon.Nice-Light";
				PRODUCT_NAME = "$(TARGET_NAME)";
				SWIFT_OBJC_BRIDGING_HEADER = "";
				SWIFT_OPTIMIZATION_LEVEL = "-Onone";
				SWIFT_VERSION = 4.0;
			};
			name = Debug;
		};
		8C259B7D1C1DD79E009026E4 /* Release */ = {
			isa = XCBuildConfiguration;
			buildSettings = {
				ASSETCATALOG_COMPILER_APPICON_NAME = AppIcon;
				CLANG_ENABLE_MODULES = YES;
				INFOPLIST_FILE = "Nice Light/Info.plist";
				LD_RUNPATH_SEARCH_PATHS = "$(inherited) @executable_path/Frameworks";
				PRODUCT_BUNDLE_IDENTIFIER = "com.davidfearon.Nice-Light";
				PRODUCT_NAME = "$(TARGET_NAME)";
				SWIFT_OBJC_BRIDGING_HEADER = "";
				SWIFT_VERSION = 4.0;
			};
			name = Release;
		};
		8C259B7F1C1DD79E009026E4 /* Debug */ = {
			isa = XCBuildConfiguration;
			buildSettings = {
				BUNDLE_LOADER = "$(TEST_HOST)";
				INFOPLIST_FILE = "Nice LightTests/Info.plist";
				LD_RUNPATH_SEARCH_PATHS = "$(inherited) @executable_path/Frameworks @loader_path/Frameworks";
				PRODUCT_BUNDLE_IDENTIFIER = "com.davidfearon.Nice-LightTests";
				PRODUCT_NAME = "$(TARGET_NAME)";
				TEST_HOST = "$(BUILT_PRODUCTS_DIR)/Nice Light.app/Nice Light";
			};
			name = Debug;
		};
		8C259B801C1DD79E009026E4 /* Release */ = {
			isa = XCBuildConfiguration;
			buildSettings = {
				BUNDLE_LOADER = "$(TEST_HOST)";
				INFOPLIST_FILE = "Nice LightTests/Info.plist";
				LD_RUNPATH_SEARCH_PATHS = "$(inherited) @executable_path/Frameworks @loader_path/Frameworks";
				PRODUCT_BUNDLE_IDENTIFIER = "com.davidfearon.Nice-LightTests";
				PRODUCT_NAME = "$(TARGET_NAME)";
				TEST_HOST = "$(BUILT_PRODUCTS_DIR)/Nice Light.app/Nice Light";
			};
			name = Release;
		};
		8C259B821C1DD79E009026E4 /* Debug */ = {
			isa = XCBuildConfiguration;
			buildSettings = {
				INFOPLIST_FILE = "Nice LightUITests/Info.plist";
				LD_RUNPATH_SEARCH_PATHS = "$(inherited) @executable_path/Frameworks @loader_path/Frameworks";
				PRODUCT_BUNDLE_IDENTIFIER = "com.davidfearon.Nice-LightUITests";
				PRODUCT_NAME = "$(TARGET_NAME)";
				TEST_TARGET_NAME = "Nice Light";
				USES_XCTRUNNER = YES;
			};
			name = Debug;
		};
		8C259B831C1DD79E009026E4 /* Release */ = {
			isa = XCBuildConfiguration;
			buildSettings = {
				INFOPLIST_FILE = "Nice LightUITests/Info.plist";
				LD_RUNPATH_SEARCH_PATHS = "$(inherited) @executable_path/Frameworks @loader_path/Frameworks";
				PRODUCT_BUNDLE_IDENTIFIER = "com.davidfearon.Nice-LightUITests";
				PRODUCT_NAME = "$(TARGET_NAME)";
				TEST_TARGET_NAME = "Nice Light";
				USES_XCTRUNNER = YES;
			};
			name = Release;
		};
/* End XCBuildConfiguration section */

/* Begin XCConfigurationList section */
		8C259B4E1C1DD79D009026E4 /* Build configuration list for PBXProject "Nice Light" */ = {
			isa = XCConfigurationList;
			buildConfigurations = (
				8C259B791C1DD79E009026E4 /* Debug */,
				8C259B7A1C1DD79E009026E4 /* Release */,
			);
			defaultConfigurationIsVisible = 0;
			defaultConfigurationName = Release;
		};
		8C259B7B1C1DD79E009026E4 /* Build configuration list for PBXNativeTarget "Nice Light" */ = {
			isa = XCConfigurationList;
			buildConfigurations = (
				8C259B7C1C1DD79E009026E4 /* Debug */,
				8C259B7D1C1DD79E009026E4 /* Release */,
			);
			defaultConfigurationIsVisible = 0;
			defaultConfigurationName = Release;
		};
		8C259B7E1C1DD79E009026E4 /* Build configuration list for PBXNativeTarget "Nice LightTests" */ = {
			isa = XCConfigurationList;
			buildConfigurations = (
				8C259B7F1C1DD79E009026E4 /* Debug */,
				8C259B801C1DD79E009026E4 /* Release */,
			);
			defaultConfigurationIsVisible = 0;
			defaultConfigurationName = Release;
		};
		8C259B811C1DD79E009026E4 /* Build configuration list for PBXNativeTarget "Nice LightUITests" */ = {
			isa = XCConfigurationList;
			buildConfigurations = (
				8C259B821C1DD79E009026E4 /* Debug */,
				8C259B831C1DD79E009026E4 /* Release */,
			);
			defaultConfigurationIsVisible = 0;
			defaultConfigurationName = Release;
		};
/* End XCConfigurationList section */
	};
	rootObject = 8C259B4B1C1DD79D009026E4 /* Project object */;
}
